
Microsoft Visual Studio Solution File, Format Version 12.00
# Visual Studio Version 17
Project("{8BC9CEB8-8B4A-11D0-8D11-00A0C91BC942}") = "ALL_BUILD", "ALL_BUILD.vcxproj", "{73A782C0-A74E-38D9-A03C-7A63B8267F7F}"
	ProjectSection(ProjectDependencies) = postProject
		{4FA45909-1B41-38BF-9180-2439A2C78239} = {4FA45909-1B41-38BF-9180-2439A2C78239}
		{65F031F5-C890-384E-B7F2-6C620B08FEC4} = {65F031F5-C890-384E-B7F2-6C620B08FEC4}
		{80C11E24-8E6C-319F-922E-42E55E73A3CC} = {80C11E24-8E6C-319F-922E-42E55E73A3CC}
		{17DE6D22-5E9B-3D50-875B-A8E5E094909A} = {17DE6D22-5E9B-3D50-875B-A8E5E094909A}
		{1A1A4DC6-D3D3-3795-8D27-F03D6125ED45} = {1A1A4DC6-D3D3-3795-8D27-F03D6125ED45}
		{248E84AB-BEC7-3A51-AB0F-C8B56B85054B} = {248E84AB-BEC7-3A51-AB0F-C8B56B85054B}
	EndProjectSection
EndProject
Project("{8BC9CEB8-8B4A-11D0-8D11-00A0C91BC942}") = "ZERO_CHECK", "ZERO_CHECK.vcxproj", "{4FA45909-1B41-38BF-9180-2439A2C78239}"
	ProjectSection(ProjectDependencies) = postProject
	EndProjectSection
EndProject
Project("{8BC9CEB8-8B4A-11D0-8D11-00A0C91BC942}") = "gtest", "gtest\gtest.vcxproj", "{65F031F5-C890-384E-B7F2-6C620B08FEC4}"
	ProjectSection(ProjectDependencies) = postProject
		{4FA45909-1B41-38BF-9180-2439A2C78239} = {4FA45909-1B41-38BF-9180-2439A2C78239}
	EndProjectSection
EndProject
Project("{8BC9CEB8-8B4A-11D0-8D11-00A0C91BC942}") = "sample_prime_numbers", "samples\sample_prime_numbers.vcxproj", "{80C11E24-8E6C-319F-922E-42E55E73A3CC}"
	ProjectSection(ProjectDependencies) = postProject
		{4FA45909-1B41-38BF-9180-2439A2C78239} = {4FA45909-1B41-38BF-9180-2439A2C78239}
		{17DE6D22-5E9B-3D50-875B-A8E5E094909A} = {17DE6D22-5E9B-3D50-875B-A8E5E094909A}
	EndProjectSection
EndProject
Project("{8BC9CEB8-8B4A-11D0-8D11-00A0C91BC942}") = "set", "src\set.vcxproj", "{17DE6D22-5E9B-3D50-875B-A8E5E094909A}"
	ProjectSection(ProjectDependencies) = postProject
		{4FA45909-1B41-38BF-9180-2439A2C78239} = {4FA45909-1B41-38BF-9180-2439A2C78239}
	EndProjectSection
EndProject
Project("{8BC9CEB8-8B4A-11D0-8D11-00A0C91BC942}") = "set_app", "src\set_app.vcxproj", "{1A1A4DC6-D3D3-3795-8D27-F03D6125ED45}"
	ProjectSection(ProjectDependencies) = postProject
		{4FA45909-1B41-38BF-9180-2439A2C78239} = {4FA45909-1B41-38BF-9180-2439A2C78239}
		{17DE6D22-5E9B-3D50-875B-A8E5E094909A} = {17DE6D22-5E9B-3D50-875B-A8E5E094909A}
	EndProjectSection
EndProject
Project("{8BC9CEB8-8B4A-11D0-8D11-00A0C91BC942}") = "test_set", "test\test_set.vcxproj", "{248E84AB-BEC7-3A51-AB0F-C8B56B85054B}"
	ProjectSection(ProjectDependencies) = postProject
		{4FA45909-1B41-38BF-9180-2439A2C78239} = {4FA45909-1B41-38BF-9180-2439A2C78239}
		{65F031F5-C890-384E-B7F2-6C620B08FEC4} = {65F031F5-C890-384E-B7F2-6C620B08FEC4}
		{17DE6D22-5E9B-3D50-875B-A8E5E094909A} = {17DE6D22-5E9B-3D50-875B-A8E5E094909A}
	EndProjectSection
EndProject
Global
	GlobalSection(SolutionConfigurationPlatforms) = preSolution
		Debug|x64 = Debug|x64
		Release|x64 = Release|x64
	EndGlobalSection
	GlobalSection(ProjectConfigurationPlatforms) = postSolution
		{73A782C0-A74E-38D9-A03C-7A63B8267F7F}.Debug|x64.ActiveCfg = Debug|x64
		{73A782C0-A74E-38D9-A03C-7A63B8267F7F}.Release|x64.ActiveCfg = Release|x64
		{4FA45909-1B41-38BF-9180-2439A2C78239}.Debug|x64.ActiveCfg = Debug|x64
		{4FA45909-1B41-38BF-9180-2439A2C78239}.Debug|x64.Build.0 = Debug|x64
		{4FA45909-1B41-38BF-9180-2439A2C78239}.Release|x64.ActiveCfg = Release|x64
		{4FA45909-1B41-38BF-9180-2439A2C78239}.Release|x64.Build.0 = Release|x64
		{65F031F5-C890-384E-B7F2-6C620B08FEC4}.Debug|x64.ActiveCfg = Debug|x64
		{65F031F5-C890-384E-B7F2-6C620B08FEC4}.Debug|x64.Build.0 = Debug|x64
		{65F031F5-C890-384E-B7F2-6C620B08FEC4}.Release|x64.ActiveCfg = Release|x64
		{65F031F5-C890-384E-B7F2-6C620B08FEC4}.Release|x64.Build.0 = Release|x64
		{80C11E24-8E6C-319F-922E-42E55E73A3CC}.Debug|x64.ActiveCfg = Debug|x64
		{80C11E24-8E6C-319F-922E-42E55E73A3CC}.Debug|x64.Build.0 = Debug|x64
		{80C11E24-8E6C-319F-922E-42E55E73A3CC}.Release|x64.ActiveCfg = Release|x64
		{80C11E24-8E6C-319F-922E-42E55E73A3CC}.Release|x64.Build.0 = Release|x64
		{17DE6D22-5E9B-3D50-875B-A8E5E094909A}.Debug|x64.ActiveCfg = Debug|x64
		{17DE6D22-5E9B-3D50-875B-A8E5E094909A}.Debug|x64.Build.0 = Debug|x64
		{17DE6D22-5E9B-3D50-875B-A8E5E094909A}.Release|x64.ActiveCfg = Release|x64
		{17DE6D22-5E9B-3D50-875B-A8E5E094909A}.Release|x64.Build.0 = Release|x64
		{1A1A4DC6-D3D3-3795-8D27-F03D6125ED45}.Debug|x64.ActiveCfg = Debug|x64
		{1A1A4DC6-D3D3-3795-8D27-F03D6125ED45}.Debug|x64.Build.0 = Debug|x64
		{1A1A4DC6-D3D3-3795-8D27-F03D6125ED45}.Release|x64.ActiveCfg = Release|x64
		{1A1A4DC6-D3D3-3795-8D27-F03D6125ED45}.Release|x64.Build.0 = Release|x64
		{248E84AB-BEC7-3A51-AB0F-C8B56B85054B}.Debug|x64.ActiveCfg = Debug|x64
		{248E84AB-BEC7-3A51-AB0F-C8B56B85054B}.Debug|x64.Build.0 = Debug|x64
		{248E84AB-BEC7-3A51-AB0F-C8B56B85054B}.Release|x64.ActiveCfg = Release|x64
		{248E84AB-BEC7-3A51-AB0F-C8B56B85054B}.Release|x64.Build.0 = Release|x64
	EndGlobalSection
	GlobalSection(ExtensibilityGlobals) = postSolution
		SolutionGuid = {7A9BF694-C2B0-316E-A20E-903407E794A1}
	EndGlobalSection
	GlobalSection(ExtensibilityAddIns) = postSolution
	EndGlobalSection
EndGlobal
